{
  "name": "test-init-cli",
  "version": "1.0.0",
  "lockfileVersion": 1,
  "requires": true,
  "dependencies": {
    "matchme": {
      "version": "0.1.6",
      "resolved": "https://registry.npmmirror.com/matchme/-/matchme-0.1.6.tgz",
      "integrity": "sha512-cJ3G6rAvxg3jrOXX9kM9F/sCjU4M8yp3vUah69T4MsGT70U+E4XrWgytqWkacpUv6b6mCpcR0EERnMkvG/a8bQ=="
    },
    "registry": {
      "version": "0.3.0",
      "resolved": "https://registry.npmmirror.com/registry/-/registry-0.3.0.tgz",
      "integrity": "sha512-oWSXj/eujNLVaVsYf6mGvq5tMNqEJknaH0ErPbFC4jl2beEkc31/f8NQgkMzTBZ+EJ2LXYvxd3tgxVv2Tgvm9Q==",
      "requires": {
        "matchme": "0.1.x",
        "wildcard": "0.1.x"
      }
    },
    "wildcard": {
      "version": "0.1.5",
      "resolved": "https://registry.npmmirror.com/wildcard/-/wildcard-0.1.5.tgz",
      "integrity": "sha512-v+G9sqvXldof9hnzO1NUvVgnQShNKOOmU3M4nUv6QD058oZF6AfHUCz24zzAOFYtvunu+thbLCOXgspxARMZgg=="
    }
  }
}
